
Microsoft Visual Studio Solution File, Format Version 12.00
# Visual Studio Version 16
VisualStudioVersion = 16.0.29709.97
MinimumVisualStudioVersion = 10.0.40219.1
Project("{888888A0-9F3D-457C-B088-3A5042F75D52}") = "python-webapp-flask", "Application\python-webapp-flask.pyproj", "{BC578BB7-484D-4022-8C3A-4D7F2AEB451D}"
EndProject
Global
	GlobalSection(SolutionConfigurationPlatforms) = preSolution
		Debug|Any CPU = Debug|Any CPU
		Release|Any CPU = Release|Any CPU
	EndGlobalSection
	GlobalSection(ProjectConfigurationPlatforms) = postSolution
		{BC578BB7-484D-4022-8C3A-4D7F2AEB451D}.Debug|Any CPU.ActiveCfg = Debug|Any CPU
		{BC578BB7-484D-4022-8C3A-4D7F2AEB451D}.Debug|Any CPU.Build.0 = Debug|Any CPU
		{BC578BB7-484D-4022-8C3A-4D7F2AEB451D}.Release|Any CPU.ActiveCfg = Release|Any CPU
		{BC578BB7-484D-4022-8C3A-4D7F2AEB451D}.Release|Any CPU.Build.0 = Release|Any CPU
	EndGlobalSection
	GlobalSection(SolutionProperties) = preSolution
		HideSolutionNode = FALSE
	EndGlobalSection
	GlobalSection(ExtensibilityGlobals) = postSolution
		SolutionGuid = {2A20346A-1761-4CDC-B4CE-E59EEA80A3D4}
	EndGlobalSection
EndGlobal
